
Microsoft Visual Studio Solution File, Format Version 12.00
# Visual Studio Version 17
VisualStudioVersion = 17.8.34525.116
MinimumVisualStudioVersion = 10.0.40219.1
Project("{FAE04EC0-301F-11D3-BF4B-00C04F79EFBC}") = "lista1ex1", "lista1ex1\lista1ex1.csproj", "{764F87BE-2F48-42C1-AB33-C69E08D4CD3A}"
EndProject
Global
	GlobalSection(SolutionConfigurationPlatforms) = preSolution
		Debug|Any CPU = Debug|Any CPU
		Release|Any CPU = Release|Any CPU
	EndGlobalSection
	GlobalSection(ProjectConfigurationPlatforms) = postSolution
		{764F87BE-2F48-42C1-AB33-C69E08D4CD3A}.Debug|Any CPU.ActiveCfg = Debug|Any CPU
		{764F87BE-2F48-42C1-AB33-C69E08D4CD3A}.Debug|Any CPU.Build.0 = Debug|Any CPU
		{764F87BE-2F48-42C1-AB33-C69E08D4CD3A}.Release|Any CPU.ActiveCfg = Release|Any CPU
		{764F87BE-2F48-42C1-AB33-C69E08D4CD3A}.Release|Any CPU.Build.0 = Release|Any CPU
	EndGlobalSection
	GlobalSection(SolutionProperties) = preSolution
		HideSolutionNode = FALSE
	EndGlobalSection
	GlobalSection(ExtensibilityGlobals) = postSolution
		SolutionGuid = {B0843735-500B-495D-8A32-4A5DB7A9609D}
	EndGlobalSection
EndGlobal
